
Microsoft Visual Studio Solution File, Format Version 12.00
# Visual Studio Version 17
VisualStudioVersion = 17.6.33801.468
MinimumVisualStudioVersion = 10.0.40219.1
Project("{FAE04EC0-301F-11D3-BF4B-00C04F79EFBC}") = "Bubbles Particle WFApp", "Bubbles Particle WFApp.csproj", "{28723F95-63C6-443A-AE83-88E02E79B21F}"
EndProject
Global
	GlobalSection(SolutionConfigurationPlatforms) = preSolution
		Debug|Any CPU = Debug|Any CPU
		Release|Any CPU = Release|Any CPU
	EndGlobalSection
	GlobalSection(ProjectConfigurationPlatforms) = postSolution
		{28723F95-63C6-443A-AE83-88E02E79B21F}.Debug|Any CPU.ActiveCfg = Debug|Any CPU
		{28723F95-63C6-443A-AE83-88E02E79B21F}.Debug|Any CPU.Build.0 = Debug|Any CPU
		{28723F95-63C6-443A-AE83-88E02E79B21F}.Release|Any CPU.ActiveCfg = Release|Any CPU
		{28723F95-63C6-443A-AE83-88E02E79B21F}.Release|Any CPU.Build.0 = Release|Any CPU
	EndGlobalSection
	GlobalSection(SolutionProperties) = preSolution
		HideSolutionNode = FALSE
	EndGlobalSection
	GlobalSection(ExtensibilityGlobals) = postSolution
		SolutionGuid = {4F3A6997-617F-486B-AEF4-961362D046BA}
	EndGlobalSection
EndGlobal
